
Microsoft Visual Studio Solution File, Format Version 12.00
# Visual Studio Version 17
VisualStudioVersion = 17.11.35222.181
MinimumVisualStudioVersion = 10.0.40219.1
Project("{FAE04EC0-301F-11D3-BF4B-00C04F79EFBC}") = "ChatApp", "ChatApp\ChatApp.csproj", "{BE6627FD-32B1-4CA9-ABC1-8C0DF6913F55}"
EndProject
Global
	GlobalSection(SolutionConfigurationPlatforms) = preSolution
		Debug|Any CPU = Debug|Any CPU
		Release|Any CPU = Release|Any CPU
	EndGlobalSection
	GlobalSection(ProjectConfigurationPlatforms) = postSolution
		{BE6627FD-32B1-4CA9-ABC1-8C0DF6913F55}.Debug|Any CPU.ActiveCfg = Debug|Any CPU
		{BE6627FD-32B1-4CA9-ABC1-8C0DF6913F55}.Debug|Any CPU.Build.0 = Debug|Any CPU
		{BE6627FD-32B1-4CA9-ABC1-8C0DF6913F55}.Release|Any CPU.ActiveCfg = Release|Any CPU
		{BE6627FD-32B1-4CA9-ABC1-8C0DF6913F55}.Release|Any CPU.Build.0 = Release|Any CPU
	EndGlobalSection
	GlobalSection(SolutionProperties) = preSolution
		HideSolutionNode = FALSE
	EndGlobalSection
	GlobalSection(ExtensibilityGlobals) = postSolution
		SolutionGuid = {0552A71E-0EE3-49A9-803C-9F20F793456D}
	EndGlobalSection
EndGlobal
